{
  "name": "wd-image-positions",
  "lockfileVersion": 3,
  "requires": true,
  "packages": {
    "": {
      "dependencies": {
        "m3api": "^1.0.0"
      }
    },
    "node_modules/agent-base": {
      "version": "7.1.4",
      "resolved": "https://registry.npmjs.org/agent-base/-/agent-base-7.1.4.tgz",
      "integrity": "sha512-MnA+YT8fwfJPgBx3m60MNqakm30XOkyIoH1y6huTQvC0PwZG7ki8NacLBcrPbNoo8vEZy7Jpuk7+jMO+CUovTQ==",
      "engines": {
        "node": ">= 14"
      }
    },
    "node_modules/http-cookie-agent": {
      "version": "6.0.8",
      "resolved": "https://registry.npmjs.org/http-cookie-agent/-/http-cookie-agent-6.0.8.tgz",
      "integrity": "sha512-qnYh3yLSr2jBsTYkw11elq+T361uKAJaZ2dR4cfYZChw1dt9uL5t3zSUwehoqqVb4oldk1BpkXKm2oat8zV+oA==",
      "dependencies": {
        "agent-base": "^7.1.3"
      },
      "engines": {
        "node": ">=18.0.0"
      },
      "funding": {
        "url": "https://github.com/sponsors/3846masa"
      },
      "peerDependencies": {
        "tough-cookie": "^4.0.0 || ^5.0.0",
        "undici": "^5.11.0 || ^6.0.0"
      },
      "peerDependenciesMeta": {
        "undici": {
          "optional": true
        }
      }
    },
    "node_modules/m3api": {
      "version": "1.0.0",
      "resolved": "https://registry.npmjs.org/m3api/-/m3api-1.0.0.tgz",
      "integrity": "sha512-h2R+kE7P+Rhmo2hAWVTJ3fkhDqHkoGBEyj24GnQi4/bZvuG8ecdzZRcWuv31Xn5CEaaQGR25lg9w5GIj71enkQ==",
      "dependencies": {
        "http-cookie-agent": "^6.0.8",
        "tough-cookie": "^5.0.0",
        "undici": "^6.12.0"
      },
      "engines": {
        "node": ">=18.2.0"
      }
    },
    "node_modules/tldts": {
      "version": "6.1.86",
      "resolved": "https://registry.npmjs.org/tldts/-/tldts-6.1.86.tgz",
      "integrity": "sha512-WMi/OQ2axVTf/ykqCQgXiIct+mSQDFdH2fkwhPwgEwvJ1kSzZRiinb0zF2Xb8u4+OqPChmyI6MEu4EezNJz+FQ==",
      "dependencies": {
        "tldts-core": "^6.1.86"
      },
      "bin": {
        "tldts": "bin/cli.js"
      }
    },
    "node_modules/tldts-core": {
      "version": "6.1.86",
      "resolved": "https://registry.npmjs.org/tldts-core/-/tldts-core-6.1.86.tgz",
      "integrity": "sha512-Je6p7pkk+KMzMv2XXKmAE3McmolOQFdxkKw0R8EYNr7sELW46JqnNeTX8ybPiQgvg1ymCoF8LXs5fzFaZvJPTA=="
    },
    "node_modules/tough-cookie": {
      "version": "5.1.2",
      "resolved": "https://registry.npmjs.org/tough-cookie/-/tough-cookie-5.1.2.tgz",
      "integrity": "sha512-FVDYdxtnj0G6Qm/DhNPSb8Ju59ULcup3tuJxkFb5K8Bv2pUXILbf0xZWU8PX8Ov19OXljbUyveOFwRMwkXzO+A==",
      "dependencies": {
        "tldts": "^6.1.32"
      },
      "engines": {
        "node": ">=16"
      }
    },
    "node_modules/undici": {
      "version": "6.21.3",
      "resolved": "https://registry.npmjs.org/undici/-/undici-6.21.3.tgz",
      "integrity": "sha512-gBLkYIlEnSp8pFbT64yFgGE6UIB9tAkhukC23PmMDCe5Nd+cRqKxSjw5y54MK2AZMgZfJWMaNE4nYUHgi1XEOw==",
      "engines": {
        "node": ">=18.17"
      }
    }
  }
}
